
Microsoft Visual Studio Solution File, Format Version 12.00
# Visual Studio Version 17
VisualStudioVersion = 17.13.35825.156
MinimumVisualStudioVersion = 10.0.40219.1
Project("{FAE04EC0-301F-11D3-BF4B-00C04F79EFBC}") = "Prog7311_POE_Part2", "Prog7311_POE_Part2\Prog7311_POE_Part2.csproj", "{CECDF0FA-2A13-4B6D-AC83-BD87354A0511}"
EndProject
Global
	GlobalSection(SolutionConfigurationPlatforms) = preSolution
		Debug|Any CPU = Debug|Any CPU
		Release|Any CPU = Release|Any CPU
	EndGlobalSection
	GlobalSection(ProjectConfigurationPlatforms) = postSolution
		{CECDF0FA-2A13-4B6D-AC83-BD87354A0511}.Debug|Any CPU.ActiveCfg = Debug|Any CPU
		{CECDF0FA-2A13-4B6D-AC83-BD87354A0511}.Debug|Any CPU.Build.0 = Debug|Any CPU
		{CECDF0FA-2A13-4B6D-AC83-BD87354A0511}.Release|Any CPU.ActiveCfg = Release|Any CPU
		{CECDF0FA-2A13-4B6D-AC83-BD87354A0511}.Release|Any CPU.Build.0 = Release|Any CPU
	EndGlobalSection
	GlobalSection(SolutionProperties) = preSolution
		HideSolutionNode = FALSE
	EndGlobalSection
	GlobalSection(ExtensibilityGlobals) = postSolution
		SolutionGuid = {97A2EE0E-D47F-4FEA-9425-94814CD97C03}
	EndGlobalSection
EndGlobal
